
Microsoft Visual Studio Solution File, Format Version 12.00
# Visual Studio Version 18
VisualStudioVersion = 18.0.11205.157
MinimumVisualStudioVersion = 10.0.40219.1
Project("{2150E333-8FDC-42A3-9474-1A3956D46DE8}") = "src", "src", "{61D45DB5-C68B-49FD-A0D8-B134EB62701E}"
	ProjectSection(SolutionItems) = preProject
		src\Dpi.cs = src\Dpi.cs
		src\ProcessDpiAwareness.cs = src\ProcessDpiAwareness.cs
		src\RDP.cs = src\RDP.cs
		src\ResizableUserControl.cs = src\ResizableUserControl.cs
		src\ResizeDirection.cs = src\ResizeDirection.cs
	EndProjectSection
EndProject
Project("{2150E333-8FDC-42A3-9474-1A3956D46DE8}") = ".github", ".github", "{EFA3143E-5E70-4B74-8471-8D5120C2EDC7}"
EndProject
Project("{2150E333-8FDC-42A3-9474-1A3956D46DE8}") = "workflows", "workflows", "{D278E1B4-119A-4C54-9F1D-23BAACAEAB25}"
	ProjectSection(SolutionItems) = preProject
		.github\workflows\build_10.0.yml = .github\workflows\build_10.0.yml
	EndProjectSection
EndProject
Project("{2150E333-8FDC-42A3-9474-1A3956D46DE8}") = "솔루션 항목", "솔루션 항목", "{0CC2D6B7-D377-4ED0-BF75-DB29386138D4}"
	ProjectSection(SolutionItems) = preProject
		.gitignore = .gitignore
		LICENSE.txt = LICENSE.txt
		README.md = README.md
	EndProjectSection
EndProject
Project("{FAE04EC0-301F-11D3-BF4B-00C04F79EFBC}") = "MetaFrm.RemoteDesktop.Control(net10.0)", "MetaFrm.RemoteDesktop.Control(net10.0)\MetaFrm.RemoteDesktop.Control(net10.0).csproj", "{174C069C-09DE-A045-155F-3AC37B2BFCAB}"
EndProject
Global
	GlobalSection(SolutionConfigurationPlatforms) = preSolution
		Debug|Any CPU = Debug|Any CPU
		Release|Any CPU = Release|Any CPU
	EndGlobalSection
	GlobalSection(ProjectConfigurationPlatforms) = postSolution
		{174C069C-09DE-A045-155F-3AC37B2BFCAB}.Debug|Any CPU.ActiveCfg = Debug|Any CPU
		{174C069C-09DE-A045-155F-3AC37B2BFCAB}.Debug|Any CPU.Build.0 = Debug|Any CPU
		{174C069C-09DE-A045-155F-3AC37B2BFCAB}.Release|Any CPU.ActiveCfg = Release|Any CPU
		{174C069C-09DE-A045-155F-3AC37B2BFCAB}.Release|Any CPU.Build.0 = Release|Any CPU
	EndGlobalSection
	GlobalSection(SolutionProperties) = preSolution
		HideSolutionNode = FALSE
	EndGlobalSection
	GlobalSection(NestedProjects) = preSolution
		{D278E1B4-119A-4C54-9F1D-23BAACAEAB25} = {EFA3143E-5E70-4B74-8471-8D5120C2EDC7}
	EndGlobalSection
	GlobalSection(ExtensibilityGlobals) = postSolution
		SolutionGuid = {B0A2D79B-F1AF-4F10-8380-62937D9A7DB7}
	EndGlobalSection
EndGlobal
